// !$*UTF8*$!
{
	archiveVersion = 1;
	classes = {
	};
	objectVersion = 46;
	objects = {

/* Begin PBXBuildFile section */
		9B67C06752341A3162C34B41 /* Pods_popsmoke.framework in Frameworks */ = {isa = PBXBuildFile; fileRef = DCC98E59EDB289071AD09144 /* Pods_popsmoke.framework */; };
		DA00512D1E37ABDA008E7035 /* PSPacketViewController.swift in Sources */ = {isa = PBXBuildFile; fileRef = DA00512C1E37ABDA008E7035 /* PSPacketViewController.swift */; };
		DA0051321E37AEC3008E7035 /* PSDocumentCollectionViewCell.swift in Sources */ = {isa = PBXBuildFile; fileRef = DA0051311E37AEC3008E7035 /* PSDocumentCollectionViewCell.swift */; };
		DA0051361E37B36F008E7035 /* PSDocumentCollectionViewCell.xib in Resources */ = {isa = PBXBuildFile; fileRef = DA0051351E37B36F008E7035 /* PSDocumentCollectionViewCell.xib */; };
		DA00513E1E37C8CB008E7035 /* Icons.xcassets in Resources */ = {isa = PBXBuildFile; fileRef = DA00513D1E37C8CB008E7035 /* Icons.xcassets */; };
		DA01F0141E392D4C00B7FB04 /* UILabel+Size.swift in Sources */ = {isa = PBXBuildFile; fileRef = DA01F0131E392D4C00B7FB04 /* UILabel+Size.swift */; };
		DA01F0171E39617C00B7FB04 /* PSPacket.swift in Sources */ = {isa = PBXBuildFile; fileRef = DA01F0161E39617C00B7FB04 /* PSPacket.swift */; };
		DA01F0191E3961D100B7FB04 /* PSDocument.swift in Sources */ = {isa = PBXBuildFile; fileRef = DA01F0181E3961D100B7FB04 /* PSDocument.swift */; };
		DA01F01D1E39AA9100B7FB04 /* PSPDFContainerViewController.swift in Sources */ = {isa = PBXBuildFile; fileRef = DA01F01C1E39AA9100B7FB04 /* PSPDFContainerViewController.swift */; };
		DA01F01F1E39AAB100B7FB04 /* PSPDFContainerViewController.storyboard in Resources */ = {isa = PBXBuildFile; fileRef = DA01F01E1E39AAB100B7FB04 /* PSPDFContainerViewController.storyboard */; };
		DA01F0281E39ACA700B7FB04 /* DA31_Packet.plist in Resources */ = {isa = PBXBuildFile; fileRef = DA01F0251E39ACA700B7FB04 /* DA31_Packet.plist */; };
		DA01F0291E39ACA700B7FB04 /* DA_31.pdf in Resources */ = {isa = PBXBuildFile; fileRef = DA01F0271E39ACA700B7FB04 /* DA_31.pdf */; };
		DA02879D1E40E69E008B481B /* Bolts.framework in Frameworks */ = {isa = PBXBuildFile; fileRef = DA0287991E40E69E008B481B /* Bolts.framework */; };
		DA02879E1E40E69E008B481B /* FBSDKCoreKit.framework in Frameworks */ = {isa = PBXBuildFile; fileRef = DA02879A1E40E69E008B481B /* FBSDKCoreKit.framework */; };
		DA02879F1E40E69E008B481B /* FBSDKLoginKit.framework in Frameworks */ = {isa = PBXBuildFile; fileRef = DA02879B1E40E69E008B481B /* FBSDKLoginKit.framework */; };
		DA0287A01E40E69E008B481B /* FBSDKShareKit.framework in Frameworks */ = {isa = PBXBuildFile; fileRef = DA02879C1E40E69E008B481B /* FBSDKShareKit.framework */; };
		DA0287A21E40E8A2008B481B /* PSLoginViewController.swift in Sources */ = {isa = PBXBuildFile; fileRef = DA0287A11E40E8A2008B481B /* PSLoginViewController.swift */; };
		DA0287A41E40E907008B481B /* PSLogin.storyboard in Resources */ = {isa = PBXBuildFile; fileRef = DA0287A31E40E907008B481B /* PSLogin.storyboard */; };
		DA0287A61E40EDE9008B481B /* PSUser.swift in Sources */ = {isa = PBXBuildFile; fileRef = DA0287A51E40EDE9008B481B /* PSUser.swift */; };
		DA0287A91E40F3E7008B481B /* REKIFacebookClient.swift in Sources */ = {isa = PBXBuildFile; fileRef = DA0287A81E40F3E7008B481B /* REKIFacebookClient.swift */; };
		DA0287AB1E40F3F1008B481B /* PSUserManager.swift in Sources */ = {isa = PBXBuildFile; fileRef = DA0287AA1E40F3F1008B481B /* PSUserManager.swift */; };
		DA0287AD1E40F7EC008B481B /* PSUserFactory.swift in Sources */ = {isa = PBXBuildFile; fileRef = DA0287AC1E40F7EC008B481B /* PSUserFactory.swift */; };
		DA0287AF1E40FC59008B481B /* PSUserProvider.swift in Sources */ = {isa = PBXBuildFile; fileRef = DA0287AE1E40FC59008B481B /* PSUserProvider.swift */; };
		DA0287B11E40FDBA008B481B /* PSParseClient.swift in Sources */ = {isa = PBXBuildFile; fileRef = DA0287B01E40FDBA008B481B /* PSParseClient.swift */; };
		DA0287BC1E4265FE008B481B /* PSAddress.swift in Sources */ = {isa = PBXBuildFile; fileRef = DA0287BB1E4265FE008B481B /* PSAddress.swift */; };
		DA0287C01E426B1A008B481B /* DA31Constants.swift in Sources */ = {isa = PBXBuildFile; fileRef = DA0287BF1E426B1A008B481B /* DA31Constants.swift */; };
		DA0287C71E427AF9008B481B /* PSPersonalInfoFormFactory.swift in Sources */ = {isa = PBXBuildFile; fileRef = DA0287C61E427AF9008B481B /* PSPersonalInfoFormFactory.swift */; };
		DA0287E91E439FD4008B481B /* bottomBar.png in Resources */ = {isa = PBXBuildFile; fileRef = DA0287DF1E439FD4008B481B /* bottomBar.png */; };
		DA0287EA1E439FD4008B481B /* bottomBar@2x.png in Resources */ = {isa = PBXBuildFile; fileRef = DA0287E01E439FD4008B481B /* bottomBar@2x.png */; };
		DA0287EB1E439FD4008B481B /* middleBar.png in Resources */ = {isa = PBXBuildFile; fileRef = DA0287E11E439FD4008B481B /* middleBar.png */; };
		DA0287EC1E439FD4008B481B /* middleBar@2x.png in Resources */ = {isa = PBXBuildFile; fileRef = DA0287E21E439FD4008B481B /* middleBar@2x.png */; };
		DA0287ED1E439FD4008B481B /* SkullandBones.png in Resources */ = {isa = PBXBuildFile; fileRef = DA0287E31E439FD4008B481B /* SkullandBones.png */; };
		DA0287EE1E439FD4008B481B /* SkullandBones@2x.png in Resources */ = {isa = PBXBuildFile; fileRef = DA0287E41E439FD4008B481B /* SkullandBones@2x.png */; };
		DA0287EF1E439FD4008B481B /* topBar.png in Resources */ = {isa = PBXBuildFile; fileRef = DA0287E51E439FD4008B481B /* topBar.png */; };
		DA0287F01E439FD4008B481B /* topBar@2x.png in Resources */ = {isa = PBXBuildFile; fileRef = DA0287E61E439FD4008B481B /* topBar@2x.png */; };
		DA0287F11E439FD4008B481B /* SkullAndBonesMenuView.m in Sources */ = {isa = PBXBuildFile; fileRef = DA0287E81E439FD4008B481B /* SkullAndBonesMenuView.m */; };
		DA0B26871E362A62000CC2DC /* PSMainViewController.swift in Sources */ = {isa = PBXBuildFile; fileRef = DA0B26861E362A62000CC2DC /* PSMainViewController.swift */; };
		DA0B26891E362A6D000CC2DC /* PSMainStoryboard.storyboard in Resources */ = {isa = PBXBuildFile; fileRef = DA0B26881E362A6D000CC2DC /* PSMainStoryboard.storyboard */; };
		DA1402281E44F608005EEE31 /* PSAddressUtilities.swift in Sources */ = {isa = PBXBuildFile; fileRef = DA1402241E44F608005EEE31 /* PSAddressUtilities.swift */; };
		DA1402291E44F608005EEE31 /* PSConstants.swift in Sources */ = {isa = PBXBuildFile; fileRef = DA1402251E44F608005EEE31 /* PSConstants.swift */; };
		DA14022A1E44F608005EEE31 /* PSPacketUtilities.swift in Sources */ = {isa = PBXBuildFile; fileRef = DA1402261E44F608005EEE31 /* PSPacketUtilities.swift */; };
		DA14022B1E44F608005EEE31 /* PSPersonalInfoUtilities.swift in Sources */ = {isa = PBXBuildFile; fileRef = DA1402271E44F608005EEE31 /* PSPersonalInfoUtilities.swift */; };
		DA3585F21E3A7ABF0014AE10 /* UIImageView+Tint.swift in Sources */ = {isa = PBXBuildFile; fileRef = DA3585F11E3A7ABF0014AE10 /* UIImageView+Tint.swift */; };
		DA5007F31E28BBA80038A5E8 /* AppDelegate.swift in Sources */ = {isa = PBXBuildFile; fileRef = DA5007F21E28BBA80038A5E8 /* AppDelegate.swift */; };
		DA5007FC1E28BBA80038A5E8 /* Assets.xcassets in Resources */ = {isa = PBXBuildFile; fileRef = DA5007FB1E28BBA80038A5E8 /* Assets.xcassets */; };
		DA5007FF1E28BBA80038A5E8 /* LaunchScreen.storyboard in Resources */ = {isa = PBXBuildFile; fileRef = DA5007FD1E28BBA80038A5E8 /* LaunchScreen.storyboard */; };
		DA50080A1E28BBA80038A5E8 /* popsmokeTests.swift in Sources */ = {isa = PBXBuildFile; fileRef = DA5008091E28BBA80038A5E8 /* popsmokeTests.swift */; };
		DA53E22C1E46F61D00F95D6B /* PSLoadingViewController.swift in Sources */ = {isa = PBXBuildFile; fileRef = DA53E22A1E46F61D00F95D6B /* PSLoadingViewController.swift */; };
		DA53E22F1E46F76300F95D6B /* PSLoading.storyboard in Resources */ = {isa = PBXBuildFile; fileRef = DA53E22E1E46F76300F95D6B /* PSLoading.storyboard */; };
		DAB08D9A1E38F68100F2E263 /* PSFormContainer.storyboard in Resources */ = {isa = PBXBuildFile; fileRef = DAB08D981E38F68100F2E263 /* PSFormContainer.storyboard */; };
		DAB08D9B1E38F68100F2E263 /* PSFormContainerViewController.swift in Sources */ = {isa = PBXBuildFile; fileRef = DAB08D991E38F68100F2E263 /* PSFormContainerViewController.swift */; };
		DAB08D9D1E38F91F00F2E263 /* PSImagePickerController.swift in Sources */ = {isa = PBXBuildFile; fileRef = DAB08D9C1E38F91F00F2E263 /* PSImagePickerController.swift */; };
		DAD367311E43ACD5009980DC /* PSSettingsViewController.swift in Sources */ = {isa = PBXBuildFile; fileRef = DAD367301E43ACD5009980DC /* PSSettingsViewController.swift */; };
		DAD367471E4429B1009980DC /* Montserrat-Black.otf in Resources */ = {isa = PBXBuildFile; fileRef = DAD367331E4429B1009980DC /* Montserrat-Black.otf */; };
		DAD367481E4429B1009980DC /* Montserrat-Bold.otf in Resources */ = {isa = PBXBuildFile; fileRef = DAD367341E4429B1009980DC /* Montserrat-Bold.otf */; };
		DAD367491E4429B1009980DC /* Montserrat-ExtraBold.otf in Resources */ = {isa = PBXBuildFile; fileRef = DAD367351E4429B1009980DC /* Montserrat-ExtraBold.otf */; };
		DAD3674A1E4429B1009980DC /* Montserrat-ExtraLight.otf in Resources */ = {isa = PBXBuildFile; fileRef = DAD367361E4429B1009980DC /* Montserrat-ExtraLight.otf */; };
		DAD3674B1E4429B1009980DC /* Montserrat-Hairline.otf in Resources */ = {isa = PBXBuildFile; fileRef = DAD367371E4429B1009980DC /* Montserrat-Hairline.otf */; };
		DAD3674C1E4429B1009980DC /* Montserrat-Light.otf in Resources */ = {isa = PBXBuildFile; fileRef = DAD367381E4429B1009980DC /* Montserrat-Light.otf */; };
		DAD3674D1E4429B1009980DC /* Montserrat-Regular.otf in Resources */ = {isa = PBXBuildFile; fileRef = DAD367391E4429B1009980DC /* Montserrat-Regular.otf */; };
		DAD3674E1E4429B1009980DC /* Montserrat-SemiBold.otf in Resources */ = {isa = PBXBuildFile; fileRef = DAD3673A1E4429B1009980DC /* Montserrat-SemiBold.otf */; };
		DAD3674F1E4429B1009980DC /* Montserrat-Thin.otf in Resources */ = {isa = PBXBuildFile; fileRef = DAD3673B1E4429B1009980DC /* Montserrat-Thin.otf */; };
		DAD367501E4429B1009980DC /* Montserrat-UltraLight.otf in Resources */ = {isa = PBXBuildFile; fileRef = DAD3673C1E4429B1009980DC /* Montserrat-UltraLight.otf */; };
		DAD367511E4429B1009980DC /* MontserratAlternates-Black.otf in Resources */ = {isa = PBXBuildFile; fileRef = DAD3673D1E4429B1009980DC /* MontserratAlternates-Black.otf */; };
		DAD367521E4429B1009980DC /* MontserratAlternates-Bold.otf in Resources */ = {isa = PBXBuildFile; fileRef = DAD3673E1E4429B1009980DC /* MontserratAlternates-Bold.otf */; };
		DAD367531E4429B1009980DC /* MontserratAlternates-ExtraBold.otf in Resources */ = {isa = PBXBuildFile; fileRef = DAD3673F1E4429B1009980DC /* MontserratAlternates-ExtraBold.otf */; };
		DAD367541E4429B1009980DC /* MontserratAlternates-ExtraLight.otf in Resources */ = {isa = PBXBuildFile; fileRef = DAD367401E4429B1009980DC /* MontserratAlternates-ExtraLight.otf */; };
		DAD367551E4429B1009980DC /* MontserratAlternates-Light.otf in Resources */ = {isa = PBXBuildFile; fileRef = DAD367411E4429B1009980DC /* MontserratAlternates-Light.otf */; };
		DAD367561E4429B1009980DC /* MontserratAlternates-Medium.otf in Resources */ = {isa = PBXBuildFile; fileRef = DAD367421E4429B1009980DC /* MontserratAlternates-Medium.otf */; };
		DAD367571E4429B1009980DC /* MontserratAlternates-Regular.otf in Resources */ = {isa = PBXBuildFile; fileRef = DAD367431E4429B1009980DC /* MontserratAlternates-Regular.otf */; };
		DAD367581E4429B1009980DC /* MontserratAlternates-SemiBold.otf in Resources */ = {isa = PBXBuildFile; fileRef = DAD367441E4429B1009980DC /* MontserratAlternates-SemiBold.otf */; };
		DAD367591E4429B1009980DC /* MontserratAlternates-Thin.otf in Resources */ = {isa = PBXBuildFile; fileRef = DAD367451E4429B1009980DC /* MontserratAlternates-Thin.otf */; };
		DAD3675A1E4429B1009980DC /* SIL Open Font License.txt in Resources */ = {isa = PBXBuildFile; fileRef = DAD367461E4429B1009980DC /* SIL Open Font License.txt */; };
		DAE4E7661E4ABE9D00A8CC5D /* PSMilWebViewController.swift in Sources */ = {isa = PBXBuildFile; fileRef = DAE4E7641E4ABE9D00A8CC5D /* PSMilWebViewController.swift */; };
		DAE4E7671E4ABE9D00A8CC5D /* PSMilWebViewController.storyboard in Resources */ = {isa = PBXBuildFile; fileRef = DAE4E7651E4ABE9D00A8CC5D /* PSMilWebViewController.storyboard */; };
		DAF52BFE1E45686B00A3893C /* black-ops-one.regular.ttf in Resources */ = {isa = PBXBuildFile; fileRef = DAF52BFD1E45686B00A3893C /* black-ops-one.regular.ttf */; };
		DAF836831E3AA677003178C4 /* DA31FormFactory.swift in Sources */ = {isa = PBXBuildFile; fileRef = DAF8367D1E3AA677003178C4 /* DA31FormFactory.swift */; };
		DAF836841E3AA677003178C4 /* PSDocumentViewFactory.swift in Sources */ = {isa = PBXBuildFile; fileRef = DAF8367E1E3AA677003178C4 /* PSDocumentViewFactory.swift */; };
		DAF836851E3AA677003178C4 /* PSFormContainerViewFactory.swift in Sources */ = {isa = PBXBuildFile; fileRef = DAF8367F1E3AA677003178C4 /* PSFormContainerViewFactory.swift */; };
		DAF836861E3AA677003178C4 /* PSFormViewControllerFactory.swift in Sources */ = {isa = PBXBuildFile; fileRef = DAF836801E3AA677003178C4 /* PSFormViewControllerFactory.swift */; };
		DAF836871E3AA677003178C4 /* PSPacketViewFactory.swift in Sources */ = {isa = PBXBuildFile; fileRef = DAF836811E3AA677003178C4 /* PSPacketViewFactory.swift */; };
		DAF836881E3AA677003178C4 /* PSPDFContainerViewFactory.swift in Sources */ = {isa = PBXBuildFile; fileRef = DAF836821E3AA677003178C4 /* PSPDFContainerViewFactory.swift */; };
		DAF8368D1E3AA68E003178C4 /* DA31FormViewController.swift in Sources */ = {isa = PBXBuildFile; fileRef = DAF8368B1E3AA68E003178C4 /* DA31FormViewController.swift */; };
		DAF8368E1E3AA68E003178C4 /* DA31PDFFiller.swift in Sources */ = {isa = PBXBuildFile; fileRef = DAF8368C1E3AA68E003178C4 /* DA31PDFFiller.swift */; };
		DAF836911E3AA747003178C4 /* PSPersistenceManager.swift in Sources */ = {isa = PBXBuildFile; fileRef = DAF836901E3AA747003178C4 /* PSPersistenceManager.swift */; };
		DAF836941E3AAFC2003178C4 /* TRIPSFormFactory.swift in Sources */ = {isa = PBXBuildFile; fileRef = DAF836931E3AAFC2003178C4 /* TRIPSFormFactory.swift */; };
		DAF836961E3AB1B3003178C4 /* TRIPSFormViewController.swift in Sources */ = {isa = PBXBuildFile; fileRef = DAF836951E3AB1B3003178C4 /* TRIPSFormViewController.swift */; };
		DAF836981E3B96D8003178C4 /* PSMailComposerFactory.swift in Sources */ = {isa = PBXBuildFile; fileRef = DAF836971E3B96D8003178C4 /* PSMailComposerFactory.swift */; };
		DAF8369A1E3D6B46003178C4 /* PSPacketManager.swift in Sources */ = {isa = PBXBuildFile; fileRef = DAF836991E3D6B46003178C4 /* PSPacketManager.swift */; };
		DAF836A01E3D976F003178C4 /* NSURLRequest+Category.swift in Sources */ = {isa = PBXBuildFile; fileRef = DAF8369F1E3D976F003178C4 /* NSURLRequest+Category.swift */; };
		DAF836A31E3E3CBE003178C4 /* PSPacketBuilder.swift in Sources */ = {isa = PBXBuildFile; fileRef = DAF836A21E3E3CBE003178C4 /* PSPacketBuilder.swift */; };
		DAF836A51E3E3E5D003178C4 /* PSPacketFactory.swift in Sources */ = {isa = PBXBuildFile; fileRef = DAF836A41E3E3E5D003178C4 /* PSPacketFactory.swift */; };
		DAF836A71E3E4330003178C4 /* PSPacketHistoryTableViewController.swift in Sources */ = {isa = PBXBuildFile; fileRef = DAF836A61E3E4330003178C4 /* PSPacketHistoryTableViewController.swift */; };
		DAF836A91E3E4692003178C4 /* PSPacketTableViewCell.swift in Sources */ = {isa = PBXBuildFile; fileRef = DAF836A81E3E4692003178C4 /* PSPacketTableViewCell.swift */; };
		DAF836AB1E3E469F003178C4 /* PSPacketTableViewCell.xib in Resources */ = {isa = PBXBuildFile; fileRef = DAF836AA1E3E469F003178C4 /* PSPacketTableViewCell.xib */; };
/* End PBXBuildFile section */

/* Begin PBXContainerItemProxy section */
		DA5008061E28BBA80038A5E8 /* PBXContainerItemProxy */ = {
			isa = PBXContainerItemProxy;
			containerPortal = DA5007E71E28BBA80038A5E8 /* Project object */;
			proxyType = 1;
			remoteGlobalIDString = DA5007EE1E28BBA80038A5E8;
			remoteInfo = popsmoke;
		};
/* End PBXContainerItemProxy section */

/* Begin PBXFileReference section */
		806BE71F1492C1D0CBD2D68B /* Pods-popsmoke.release.xcconfig */ = {isa = PBXFileReference; includeInIndex = 1; lastKnownFileType = text.xcconfig; name = "Pods-popsmoke.release.xcconfig"; path = "Pods/Target Support Files/Pods-popsmoke/Pods-popsmoke.release.xcconfig"; sourceTree = "<group>"; };
		BF7A1374A4C3B2C13DB1B11A /* Pods-popsmoke.debug.xcconfig */ = {isa = PBXFileReference; includeInIndex = 1; lastKnownFileType = text.xcconfig; name = "Pods-popsmoke.debug.xcconfig"; path = "Pods/Target Support Files/Pods-popsmoke/Pods-popsmoke.debug.xcconfig"; sourceTree = "<group>"; };
		DA00512C1E37ABDA008E7035 /* PSPacketViewController.swift */ = {isa = PBXFileReference; fileEncoding = 4; lastKnownFileType = sourcecode.swift; path = PSPacketViewController.swift; sourceTree = "<group>"; };
		DA0051311E37AEC3008E7035 /* PSDocumentCollectionViewCell.swift */ = {isa = PBXFileReference; fileEncoding = 4; lastKnownFileType = sourcecode.swift; path = PSDocumentCollectionViewCell.swift; sourceTree = "<group>"; };
		DA0051351E37B36F008E7035 /* PSDocumentCollectionViewCell.xib */ = {isa = PBXFileReference; fileEncoding = 4; lastKnownFileType = file.xib; path = PSDocumentCollectionViewCell.xib; sourceTree = "<group>"; };
		DA00513D1E37C8CB008E7035 /* Icons.xcassets */ = {isa = PBXFileReference; lastKnownFileType = folder.assetcatalog; path = Icons.xcassets; sourceTree = "<group>"; };
		DA01F0131E392D4C00B7FB04 /* UILabel+Size.swift */ = {isa = PBXFileReference; fileEncoding = 4; lastKnownFileType = sourcecode.swift; path = "UILabel+Size.swift"; sourceTree = "<group>"; };
		DA01F0161E39617C00B7FB04 /* PSPacket.swift */ = {isa = PBXFileReference; fileEncoding = 4; lastKnownFileType = sourcecode.swift; path = PSPacket.swift; sourceTree = "<group>"; };
		DA01F0181E3961D100B7FB04 /* PSDocument.swift */ = {isa = PBXFileReference; fileEncoding = 4; lastKnownFileType = sourcecode.swift; path = PSDocument.swift; sourceTree = "<group>"; };
		DA01F01C1E39AA9100B7FB04 /* PSPDFContainerViewController.swift */ = {isa = PBXFileReference; fileEncoding = 4; lastKnownFileType = sourcecode.swift; path = PSPDFContainerViewController.swift; sourceTree = "<group>"; };
		DA01F01E1E39AAB100B7FB04 /* PSPDFContainerViewController.storyboard */ = {isa = PBXFileReference; fileEncoding = 4; lastKnownFileType = file.storyboard; path = PSPDFContainerViewController.storyboard; sourceTree = "<group>"; };
		DA01F0251E39ACA700B7FB04 /* DA31_Packet.plist */ = {isa = PBXFileReference; fileEncoding = 4; lastKnownFileType = text.plist.xml; path = DA31_Packet.plist; sourceTree = "<group>"; };
		DA01F0271E39ACA700B7FB04 /* DA_31.pdf */ = {isa = PBXFileReference; lastKnownFileType = image.pdf; path = DA_31.pdf; sourceTree = "<group>"; };
		DA0287991E40E69E008B481B /* Bolts.framework */ = {isa = PBXFileReference; lastKnownFileType = wrapper.framework; name = Bolts.framework; path = Facebook/Bolts.framework; sourceTree = "<group>"; };
		DA02879A1E40E69E008B481B /* FBSDKCoreKit.framework */ = {isa = PBXFileReference; lastKnownFileType = wrapper.framework; name = FBSDKCoreKit.framework; path = Facebook/FBSDKCoreKit.framework; sourceTree = "<group>"; };
		DA02879B1E40E69E008B481B /* FBSDKLoginKit.framework */ = {isa = PBXFileReference; lastKnownFileType = wrapper.framework; name = FBSDKLoginKit.framework; path = Facebook/FBSDKLoginKit.framework; sourceTree = "<group>"; };
		DA02879C1E40E69E008B481B /* FBSDKShareKit.framework */ = {isa = PBXFileReference; lastKnownFileType = wrapper.framework; name = FBSDKShareKit.framework; path = Facebook/FBSDKShareKit.framework; sourceTree = "<group>"; };
		DA0287A11E40E8A2008B481B /* PSLoginViewController.swift */ = {isa = PBXFileReference; fileEncoding = 4; lastKnownFileType = sourcecode.swift; path = PSLoginViewController.swift; sourceTree = "<group>"; };
		DA0287A31E40E907008B481B /* PSLogin.storyboard */ = {isa = PBXFileReference; fileEncoding = 4; lastKnownFileType = file.storyboard; path = PSLogin.storyboard; sourceTree = "<group>"; };
		DA0287A51E40EDE9008B481B /* PSUser.swift */ = {isa = PBXFileReference; fileEncoding = 4; lastKnownFileType = sourcecode.swift; path = PSUser.swift; sourceTree = "<group>"; };
		DA0287A81E40F3E7008B481B /* REKIFacebookClient.swift */ = {isa = PBXFileReference; fileEncoding = 4; lastKnownFileType = sourcecode.swift; path = REKIFacebookClient.swift; sourceTree = "<group>"; };
		DA0287AA1E40F3F1008B481B /* PSUserManager.swift */ = {isa = PBXFileReference; fileEncoding = 4; lastKnownFileType = sourcecode.swift; path = PSUserManager.swift; sourceTree = "<group>"; };
		DA0287AC1E40F7EC008B481B /* PSUserFactory.swift */ = {isa = PBXFileReference; fileEncoding = 4; lastKnownFileType = sourcecode.swift; path = PSUserFactory.swift; sourceTree = "<group>"; };
		DA0287AE1E40FC59008B481B /* PSUserProvider.swift */ = {isa = PBXFileReference; fileEncoding = 4; lastKnownFileType = sourcecode.swift; path = PSUserProvider.swift; sourceTree = "<group>"; };
		DA0287B01E40FDBA008B481B /* PSParseClient.swift */ = {isa = PBXFileReference; fileEncoding = 4; lastKnownFileType = sourcecode.swift; path = PSParseClient.swift; sourceTree = "<group>"; };
		DA0287BB1E4265FE008B481B /* PSAddress.swift */ = {isa = PBXFileReference; fileEncoding = 4; lastKnownFileType = sourcecode.swift; path = PSAddress.swift; sourceTree = "<group>"; };
		DA0287BF1E426B1A008B481B /* DA31Constants.swift */ = {isa = PBXFileReference; fileEncoding = 4; lastKnownFileType = sourcecode.swift; path = DA31Constants.swift; sourceTree = "<group>"; };
		DA0287C61E427AF9008B481B /* PSPersonalInfoFormFactory.swift */ = {isa = PBXFileReference; fileEncoding = 4; lastKnownFileType = sourcecode.swift; path = PSPersonalInfoFormFactory.swift; sourceTree = "<group>"; };
		DA0287DD1E439FD3008B481B /* popsmoke-Bridging-Header.h */ = {isa = PBXFileReference; lastKnownFileType = sourcecode.c.h; name = "popsmoke-Bridging-Header.h"; path = "Core Animator/SkullAndBonesMenu/popsmoke-Bridging-Header.h"; sourceTree = "<group>"; };
		DA0287DF1E439FD4008B481B /* bottomBar.png */ = {isa = PBXFileReference; lastKnownFileType = image.png; path = bottomBar.png; sourceTree = "<group>"; };
		DA0287E01E439FD4008B481B /* bottomBar@2x.png */ = {isa = PBXFileReference; lastKnownFileType = image.png; path = "bottomBar@2x.png"; sourceTree = "<group>"; };
		DA0287E11E439FD4008B481B /* middleBar.png */ = {isa = PBXFileReference; lastKnownFileType = image.png; path = middleBar.png; sourceTree = "<group>"; };
		DA0287E21E439FD4008B481B /* middleBar@2x.png */ = {isa = PBXFileReference; lastKnownFileType = image.png; path = "middleBar@2x.png"; sourceTree = "<group>"; };
		DA0287E31E439FD4008B481B /* SkullandBones.png */ = {isa = PBXFileReference; lastKnownFileType = image.png; path = SkullandBones.png; sourceTree = "<group>"; };
		DA0287E41E439FD4008B481B /* SkullandBones@2x.png */ = {isa = PBXFileReference; lastKnownFileType = image.png; path = "SkullandBones@2x.png"; sourceTree = "<group>"; };
		DA0287E51E439FD4008B481B /* topBar.png */ = {isa = PBXFileReference; lastKnownFileType = image.png; path = topBar.png; sourceTree = "<group>"; };
		DA0287E61E439FD4008B481B /* topBar@2x.png */ = {isa = PBXFileReference; lastKnownFileType = image.png; path = "topBar@2x.png"; sourceTree = "<group>"; };
		DA0287E71E439FD4008B481B /* SkullAndBonesMenuView.h */ = {isa = PBXFileReference; fileEncoding = 4; lastKnownFileType = sourcecode.c.h; path = SkullAndBonesMenuView.h; sourceTree = "<group>"; };
		DA0287E81E439FD4008B481B /* SkullAndBonesMenuView.m */ = {isa = PBXFileReference; fileEncoding = 4; lastKnownFileType = sourcecode.c.objc; path = SkullAndBonesMenuView.m; sourceTree = "<group>"; };
		DA0B26861E362A62000CC2DC /* PSMainViewController.swift */ = {isa = PBXFileReference; fileEncoding = 4; lastKnownFileType = sourcecode.swift; path = PSMainViewController.swift; sourceTree = "<group>"; };
		DA0B26881E362A6D000CC2DC /* PSMainStoryboard.storyboard */ = {isa = PBXFileReference; fileEncoding = 4; lastKnownFileType = file.storyboard; path = PSMainStoryboard.storyboard; sourceTree = "<group>"; };
		DA1402241E44F608005EEE31 /* PSAddressUtilities.swift */ = {isa = PBXFileReference; fileEncoding = 4; lastKnownFileType = sourcecode.swift; path = PSAddressUtilities.swift; sourceTree = "<group>"; };
		DA1402251E44F608005EEE31 /* PSConstants.swift */ = {isa = PBXFileReference; fileEncoding = 4; lastKnownFileType = sourcecode.swift; path = PSConstants.swift; sourceTree = "<group>"; };
		DA1402261E44F608005EEE31 /* PSPacketUtilities.swift */ = {isa = PBXFileReference; fileEncoding = 4; lastKnownFileType = sourcecode.swift; path = PSPacketUtilities.swift; sourceTree = "<group>"; };
		DA1402271E44F608005EEE31 /* PSPersonalInfoUtilities.swift */ = {isa = PBXFileReference; fileEncoding = 4; lastKnownFileType = sourcecode.swift; path = PSPersonalInfoUtilities.swift; sourceTree = "<group>"; };
		DA3585F11E3A7ABF0014AE10 /* UIImageView+Tint.swift */ = {isa = PBXFileReference; fileEncoding = 4; lastKnownFileType = sourcecode.swift; path = "UIImageView+Tint.swift"; sourceTree = "<group>"; };
		DA5007EF1E28BBA80038A5E8 /* popsmoke.app */ = {isa = PBXFileReference; explicitFileType = wrapper.application; includeInIndex = 0; path = popsmoke.app; sourceTree = BUILT_PRODUCTS_DIR; };
		DA5007F21E28BBA80038A5E8 /* AppDelegate.swift */ = {isa = PBXFileReference; lastKnownFileType = sourcecode.swift; path = AppDelegate.swift; sourceTree = "<group>"; };
		DA5007FB1E28BBA80038A5E8 /* Assets.xcassets */ = {isa = PBXFileReference; lastKnownFileType = folder.assetcatalog; path = Assets.xcassets; sourceTree = "<group>"; };
		DA5007FE1E28BBA80038A5E8 /* Base */ = {isa = PBXFileReference; lastKnownFileType = file.storyboard; name = Base; path = Base.lproj/LaunchScreen.storyboard; sourceTree = "<group>"; };
		DA5008001E28BBA80038A5E8 /* Info.plist */ = {isa = PBXFileReference; lastKnownFileType = text.plist.xml; path = Info.plist; sourceTree = "<group>"; };
		DA5008051E28BBA80038A5E8 /* popsmokeTests.xctest */ = {isa = PBXFileReference; explicitFileType = wrapper.cfbundle; includeInIndex = 0; path = popsmokeTests.xctest; sourceTree = BUILT_PRODUCTS_DIR; };
		DA5008091E28BBA80038A5E8 /* popsmokeTests.swift */ = {isa = PBXFileReference; lastKnownFileType = sourcecode.swift; path = popsmokeTests.swift; sourceTree = "<group>"; };
		DA50080B1E28BBA80038A5E8 /* Info.plist */ = {isa = PBXFileReference; lastKnownFileType = text.plist.xml; path = Info.plist; sourceTree = "<group>"; };
		DA53E22A1E46F61D00F95D6B /* PSLoadingViewController.swift */ = {isa = PBXFileReference; fileEncoding = 4; lastKnownFileType = sourcecode.swift; path = PSLoadingViewController.swift; sourceTree = "<group>"; };
		DA53E22E1E46F76300F95D6B /* PSLoading.storyboard */ = {isa = PBXFileReference; fileEncoding = 4; lastKnownFileType = file.storyboard; path = PSLoading.storyboard; sourceTree = "<group>"; };
		DAB08D981E38F68100F2E263 /* PSFormContainer.storyboard */ = {isa = PBXFileReference; fileEncoding = 4; lastKnownFileType = file.storyboard; path = PSFormContainer.storyboard; sourceTree = "<group>"; };
		DAB08D991E38F68100F2E263 /* PSFormContainerViewController.swift */ = {isa = PBXFileReference; fileEncoding = 4; lastKnownFileType = sourcecode.swift; path = PSFormContainerViewController.swift; sourceTree = "<group>"; };
		DAB08D9C1E38F91F00F2E263 /* PSImagePickerController.swift */ = {isa = PBXFileReference; fileEncoding = 4; lastKnownFileType = sourcecode.swift; path = PSImagePickerController.swift; sourceTree = "<group>"; };
		DAD367301E43ACD5009980DC /* PSSettingsViewController.swift */ = {isa = PBXFileReference; fileEncoding = 4; lastKnownFileType = sourcecode.swift; path = PSSettingsViewController.swift; sourceTree = "<group>"; };
		DAD367331E4429B1009980DC /* Montserrat-Black.otf */ = {isa = PBXFileReference; lastKnownFileType = file; path = "Montserrat-Black.otf"; sourceTree = "<group>"; };
		DAD367341E4429B1009980DC /* Montserrat-Bold.otf */ = {isa = PBXFileReference; lastKnownFileType = file; path = "Montserrat-Bold.otf"; sourceTree = "<group>"; };
		DAD367351E4429B1009980DC /* Montserrat-ExtraBold.otf */ = {isa = PBXFileReference; lastKnownFileType = file; path = "Montserrat-ExtraBold.otf"; sourceTree = "<group>"; };
		DAD367361E4429B1009980DC /* Montserrat-ExtraLight.otf */ = {isa = PBXFileReference; lastKnownFileType = file; path = "Montserrat-ExtraLight.otf"; sourceTree = "<group>"; };
		DAD367371E4429B1009980DC /* Montserrat-Hairline.otf */ = {isa = PBXFileReference; lastKnownFileType = file; path = "Montserrat-Hairline.otf"; sourceTree = "<group>"; };
		DAD367381E4429B1009980DC /* Montserrat-Light.otf */ = {isa = PBXFileReference; lastKnownFileType = file; path = "Montserrat-Light.otf"; sourceTree = "<group>"; };
		DAD367391E4429B1009980DC /* Montserrat-Regular.otf */ = {isa = PBXFileReference; lastKnownFileType = file; path = "Montserrat-Regular.otf"; sourceTree = "<group>"; };
		DAD3673A1E4429B1009980DC /* Montserrat-SemiBold.otf */ = {isa = PBXFileReference; lastKnownFileType = file; path = "Montserrat-SemiBold.otf"; sourceTree = "<group>"; };
		DAD3673B1E4429B1009980DC /* Montserrat-Thin.otf */ = {isa = PBXFileReference; lastKnownFileType = file; path = "Montserrat-Thin.otf"; sourceTree = "<group>"; };
		DAD3673C1E4429B1009980DC /* Montserrat-UltraLight.otf */ = {isa = PBXFileReference; lastKnownFileType = file; path = "Montserrat-UltraLight.otf"; sourceTree = "<group>"; };
		DAD3673D1E4429B1009980DC /* MontserratAlternates-Black.otf */ = {isa = PBXFileReference; lastKnownFileType = file; path = "MontserratAlternates-Black.otf"; sourceTree = "<group>"; };
		DAD3673E1E4429B1009980DC /* MontserratAlternates-Bold.otf */ = {isa = PBXFileReference; lastKnownFileType = file; path = "MontserratAlternates-Bold.otf"; sourceTree = "<group>"; };
		DAD3673F1E4429B1009980DC /* MontserratAlternates-ExtraBold.otf */ = {isa = PBXFileReference; lastKnownFileType = file; path = "MontserratAlternates-ExtraBold.otf"; sourceTree = "<group>"; };
		DAD367401E4429B1009980DC /* MontserratAlternates-ExtraLight.otf */ = {isa = PBXFileReference; lastKnownFileType = file; path = "MontserratAlternates-ExtraLight.otf"; sourceTree = "<group>"; };
		DAD367411E4429B1009980DC /* MontserratAlternates-Light.otf */ = {isa = PBXFileReference; lastKnownFileType = file; path = "MontserratAlternates-Light.otf"; sourceTree = "<group>"; };
		DAD367421E4429B1009980DC /* MontserratAlternates-Medium.otf */ = {isa = PBXFileReference; lastKnownFileType = file; path = "MontserratAlternates-Medium.otf"; sourceTree = "<group>"; };
		DAD367431E4429B1009980DC /* MontserratAlternates-Regular.otf */ = {isa = PBXFileReference; lastKnownFileType = file; path = "MontserratAlternates-Regular.otf"; sourceTree = "<group>"; };
		DAD367441E4429B1009980DC /* MontserratAlternates-SemiBold.otf */ = {isa = PBXFileReference; lastKnownFileType = file; path = "MontserratAlternates-SemiBold.otf"; sourceTree = "<group>"; };
		DAD367451E4429B1009980DC /* MontserratAlternates-Thin.otf */ = {isa = PBXFileReference; lastKnownFileType = file; path = "MontserratAlternates-Thin.otf"; sourceTree = "<group>"; };
		DAD367461E4429B1009980DC /* SIL Open Font License.txt */ = {isa = PBXFileReference; fileEncoding = 4; lastKnownFileType = text; path = "SIL Open Font License.txt"; sourceTree = "<group>"; };
		DAE4E7641E4ABE9D00A8CC5D /* PSMilWebViewController.swift */ = {isa = PBXFileReference; fileEncoding = 4; lastKnownFileType = sourcecode.swift; path = PSMilWebViewController.swift; sourceTree = "<group>"; };
		DAE4E7651E4ABE9D00A8CC5D /* PSMilWebViewController.storyboard */ = {isa = PBXFileReference; fileEncoding = 4; lastKnownFileType = file.storyboard; path = PSMilWebViewController.storyboard; sourceTree = "<group>"; };
		DAF52BFD1E45686B00A3893C /* black-ops-one.regular.ttf */ = {isa = PBXFileReference; lastKnownFileType = file; path = "black-ops-one.regular.ttf"; sourceTree = "<group>"; };
		DAF8367D1E3AA677003178C4 /* DA31FormFactory.swift */ = {isa = PBXFileReference; fileEncoding = 4; lastKnownFileType = sourcecode.swift; path = DA31FormFactory.swift; sourceTree = "<group>"; };
		DAF8367E1E3AA677003178C4 /* PSDocumentViewFactory.swift */ = {isa = PBXFileReference; fileEncoding = 4; lastKnownFileType = sourcecode.swift; path = PSDocumentViewFactory.swift; sourceTree = "<group>"; };
		DAF8367F1E3AA677003178C4 /* PSFormContainerViewFactory.swift */ = {isa = PBXFileReference; fileEncoding = 4; lastKnownFileType = sourcecode.swift; path = PSFormContainerViewFactory.swift; sourceTree = "<group>"; };
		DAF836801E3AA677003178C4 /* PSFormViewControllerFactory.swift */ = {isa = PBXFileReference; fileEncoding = 4; lastKnownFileType = sourcecode.swift; path = PSFormViewControllerFactory.swift; sourceTree = "<group>"; };
		DAF836811E3AA677003178C4 /* PSPacketViewFactory.swift */ = {isa = PBXFileReference; fileEncoding = 4; lastKnownFileType = sourcecode.swift; path = PSPacketViewFactory.swift; sourceTree = "<group>"; };
		DAF836821E3AA677003178C4 /* PSPDFContainerViewFactory.swift */ = {isa = PBXFileReference; fileEncoding = 4; lastKnownFileType = sourcecode.swift; path = PSPDFContainerViewFactory.swift; sourceTree = "<group>"; };
		DAF8368B1E3AA68E003178C4 /* DA31FormViewController.swift */ = {isa = PBXFileReference; fileEncoding = 4; lastKnownFileType = sourcecode.swift; path = DA31FormViewController.swift; sourceTree = "<group>"; };
		DAF8368C1E3AA68E003178C4 /* DA31PDFFiller.swift */ = {isa = PBXFileReference; fileEncoding = 4; lastKnownFileType = sourcecode.swift; path = DA31PDFFiller.swift; sourceTree = "<group>"; };
		DAF836901E3AA747003178C4 /* PSPersistenceManager.swift */ = {isa = PBXFileReference; fileEncoding = 4; lastKnownFileType = sourcecode.swift; path = PSPersistenceManager.swift; sourceTree = "<group>"; };
		DAF836931E3AAFC2003178C4 /* TRIPSFormFactory.swift */ = {isa = PBXFileReference; fileEncoding = 4; lastKnownFileType = sourcecode.swift; path = TRIPSFormFactory.swift; sourceTree = "<group>"; };
		DAF836951E3AB1B3003178C4 /* TRIPSFormViewController.swift */ = {isa = PBXFileReference; fileEncoding = 4; lastKnownFileType = sourcecode.swift; path = TRIPSFormViewController.swift; sourceTree = "<group>"; };
		DAF836971E3B96D8003178C4 /* PSMailComposerFactory.swift */ = {isa = PBXFileReference; fileEncoding = 4; lastKnownFileType = sourcecode.swift; path = PSMailComposerFactory.swift; sourceTree = "<group>"; };
		DAF836991E3D6B46003178C4 /* PSPacketManager.swift */ = {isa = PBXFileReference; fileEncoding = 4; lastKnownFileType = sourcecode.swift; path = PSPacketManager.swift; sourceTree = "<group>"; };
		DAF8369F1E3D976F003178C4 /* NSURLRequest+Category.swift */ = {isa = PBXFileReference; fileEncoding = 4; lastKnownFileType = sourcecode.swift; path = "NSURLRequest+Category.swift"; sourceTree = "<group>"; };
		DAF836A21E3E3CBE003178C4 /* PSPacketBuilder.swift */ = {isa = PBXFileReference; fileEncoding = 4; lastKnownFileType = sourcecode.swift; path = PSPacketBuilder.swift; sourceTree = "<group>"; };
		DAF836A41E3E3E5D003178C4 /* PSPacketFactory.swift */ = {isa = PBXFileReference; fileEncoding = 4; lastKnownFileType = sourcecode.swift; path = PSPacketFactory.swift; sourceTree = "<group>"; };
		DAF836A61E3E4330003178C4 /* PSPacketHistoryTableViewController.swift */ = {isa = PBXFileReference; fileEncoding = 4; lastKnownFileType = sourcecode.swift; path = PSPacketHistoryTableViewController.swift; sourceTree = "<group>"; };
		DAF836A81E3E4692003178C4 /* PSPacketTableViewCell.swift */ = {isa = PBXFileReference; fileEncoding = 4; lastKnownFileType = sourcecode.swift; path = PSPacketTableViewCell.swift; sourceTree = "<group>"; };
		DAF836AA1E3E469F003178C4 /* PSPacketTableViewCell.xib */ = {isa = PBXFileReference; fileEncoding = 4; lastKnownFileType = file.xib; path = PSPacketTableViewCell.xib; sourceTree = "<group>"; };
		DCC98E59EDB289071AD09144 /* Pods_popsmoke.framework */ = {isa = PBXFileReference; explicitFileType = wrapper.framework; includeInIndex = 0; path = Pods_popsmoke.framework; sourceTree = BUILT_PRODUCTS_DIR; };
/* End PBXFileReference section */

/* Begin PBXFrameworksBuildPhase section */
		DA5007EC1E28BBA80038A5E8 /* Frameworks */ = {
			isa = PBXFrameworksBuildPhase;
			buildActionMask = 2147483647;
			files = (
				9B67C06752341A3162C34B41 /* Pods_popsmoke.framework in Frameworks */,
				DA02879E1E40E69E008B481B /* FBSDKCoreKit.framework in Frameworks */,
				DA0287A01E40E69E008B481B /* FBSDKShareKit.framework in Frameworks */,
				DA02879F1E40E69E008B481B /* FBSDKLoginKit.framework in Frameworks */,
				DA02879D1E40E69E008B481B /* Bolts.framework in Frameworks */,
			);
			runOnlyForDeploymentPostprocessing = 0;
		};
		DA5008021E28BBA80038A5E8 /* Frameworks */ = {
			isa = PBXFrameworksBuildPhase;
			buildActionMask = 2147483647;
			files = (
			);
			runOnlyForDeploymentPostprocessing = 0;
		};
/* End PBXFrameworksBuildPhase section */

/* Begin PBXGroup section */
		2FF9F775991F4E34B089FFD7 /* Frameworks */ = {
			isa = PBXGroup;
			children = (
				DA0287991E40E69E008B481B /* Bolts.framework */,
				DA02879A1E40E69E008B481B /* FBSDKCoreKit.framework */,
				DA02879B1E40E69E008B481B /* FBSDKLoginKit.framework */,
				DA02879C1E40E69E008B481B /* FBSDKShareKit.framework */,
				DCC98E59EDB289071AD09144 /* Pods_popsmoke.framework */,
			);
			name = Frameworks;
			sourceTree = "<group>";
		};
		DA00512E1E37AE7A008E7035 /* Cells */ = {
			isa = PBXGroup;
			children = (
				DA0051351E37B36F008E7035 /* PSDocumentCollectionViewCell.xib */,
				DA0051311E37AEC3008E7035 /* PSDocumentCollectionViewCell.swift */,
				DAF836AA1E3E469F003178C4 /* PSPacketTableViewCell.xib */,
				DAF836A81E3E4692003178C4 /* PSPacketTableViewCell.swift */,
			);
			path = Cells;
			sourceTree = "<group>";
		};
		DA01F0121E392D3600B7FB04 /* UICategories */ = {
			isa = PBXGroup;
			children = (
				DAF8369F1E3D976F003178C4 /* NSURLRequest+Category.swift */,
				DA3585F11E3A7ABF0014AE10 /* UIImageView+Tint.swift */,
				DA01F0131E392D4C00B7FB04 /* UILabel+Size.swift */,
			);
			path = UICategories;
			sourceTree = "<group>";
		};
		DA01F0151E39612F00B7FB04 /* Models */ = {
			isa = PBXGroup;
			children = (
				DAF8367B1E3AA677003178C4 /* Factories */,
				DA01F0161E39617C00B7FB04 /* PSPacket.swift */,
				DA01F0181E3961D100B7FB04 /* PSDocument.swift */,
				DA0287A51E40EDE9008B481B /* PSUser.swift */,
				DA0287BB1E4265FE008B481B /* PSAddress.swift */,
			);
			path = Models;
			sourceTree = "<group>";
		};
		DA01F0231E39ACA700B7FB04 /* Resources */ = {
			isa = PBXGroup;
			children = (
				DAD367321E4429B1009980DC /* Fonts */,
				DA01F0241E39ACA700B7FB04 /* Packet Data */,
				DA01F0261E39ACA700B7FB04 /* PDFs */,
			);
			path = Resources;
			sourceTree = "<group>";
		};
		DA01F0241E39ACA700B7FB04 /* Packet Data */ = {
			isa = PBXGroup;
			children = (
				DA01F0251E39ACA700B7FB04 /* DA31_Packet.plist */,
			);
			path = "Packet Data";
			sourceTree = "<group>";
		};
		DA01F0261E39ACA700B7FB04 /* PDFs */ = {
			isa = PBXGroup;
			children = (
				DA01F0271E39ACA700B7FB04 /* DA_31.pdf */,
			);
			path = PDFs;
			sourceTree = "<group>";
		};
		DA0287A71E40F3E7008B481B /* Clients */ = {
			isa = PBXGroup;
			children = (
				DA0287A81E40F3E7008B481B /* REKIFacebookClient.swift */,
				DA0287B01E40FDBA008B481B /* PSParseClient.swift */,
			);
			path = Clients;
			sourceTree = "<group>";
		};
		DA0287C81E439E55008B481B /* Core Animator */ = {
			isa = PBXGroup;
			children = (
				DA0287C91E439E55008B481B /* SkullAndBonesMenu */,
			);
			path = "Core Animator";
			sourceTree = "<group>";
		};
		DA0287C91E439E55008B481B /* SkullAndBonesMenu */ = {
			isa = PBXGroup;
			children = (
				DA0287DE1E439FD4008B481B /* images */,
				DA0287E71E439FD4008B481B /* SkullAndBonesMenuView.h */,
				DA0287E81E439FD4008B481B /* SkullAndBonesMenuView.m */,
			);
			path = SkullAndBonesMenu;
			sourceTree = "<group>";
		};
		DA0287DE1E439FD4008B481B /* images */ = {
			isa = PBXGroup;
			children = (
				DA0287DF1E439FD4008B481B /* bottomBar.png */,
				DA0287E01E439FD4008B481B /* bottomBar@2x.png */,
				DA0287E11E439FD4008B481B /* middleBar.png */,
				DA0287E21E439FD4008B481B /* middleBar@2x.png */,
				DA0287E31E439FD4008B481B /* SkullandBones.png */,
				DA0287E41E439FD4008B481B /* SkullandBones@2x.png */,
				DA0287E51E439FD4008B481B /* topBar.png */,
				DA0287E61E439FD4008B481B /* topBar@2x.png */,
			);
			path = images;
			sourceTree = "<group>";
		};
		DA0B26851E362A20000CC2DC /* ViewControllers */ = {
			isa = PBXGroup;
			children = (
				DAB08D981E38F68100F2E263 /* PSFormContainer.storyboard */,
				DAB08D991E38F68100F2E263 /* PSFormContainerViewController.swift */,
				DAB08D9C1E38F91F00F2E263 /* PSImagePickerController.swift */,
				DA53E22E1E46F76300F95D6B /* PSLoading.storyboard */,
				DA53E22A1E46F61D00F95D6B /* PSLoadingViewController.swift */,
				DA0287A31E40E907008B481B /* PSLogin.storyboard */,
				DA0287A11E40E8A2008B481B /* PSLoginViewController.swift */,
				DA0B26881E362A6D000CC2DC /* PSMainStoryboard.storyboard */,
				DA0B26861E362A62000CC2DC /* PSMainViewController.swift */,
				DA00512C1E37ABDA008E7035 /* PSPacketViewController.swift */,
				DAF836A61E3E4330003178C4 /* PSPacketHistoryTableViewController.swift */,
				DA01F01E1E39AAB100B7FB04 /* PSPDFContainerViewController.storyboard */,
				DA01F01C1E39AA9100B7FB04 /* PSPDFContainerViewController.swift */,
				DAD367301E43ACD5009980DC /* PSSettingsViewController.swift */,
				DAE4E7651E4ABE9D00A8CC5D /* PSMilWebViewController.storyboard */,
				DAE4E7641E4ABE9D00A8CC5D /* PSMilWebViewController.swift */,
			);
			path = ViewControllers;
			sourceTree = "<group>";
		};
		DA1402231E44F608005EEE31 /* Constants */ = {
			isa = PBXGroup;
			children = (
				DA1402241E44F608005EEE31 /* PSAddressUtilities.swift */,
				DA1402251E44F608005EEE31 /* PSConstants.swift */,
				DA1402261E44F608005EEE31 /* PSPacketUtilities.swift */,
				DA1402271E44F608005EEE31 /* PSPersonalInfoUtilities.swift */,
			);
			path = Constants;
			sourceTree = "<group>";
		};
		DA5007E61E28BBA80038A5E8 = {
			isa = PBXGroup;
			children = (
				DA5007F11E28BBA80038A5E8 /* popsmoke */,
				DA5008081E28BBA80038A5E8 /* popsmokeTests */,
				DA5007F01E28BBA80038A5E8 /* Products */,
				FCC2DAAEF0D2A4DAB4837FF9 /* Pods */,
				2FF9F775991F4E34B089FFD7 /* Frameworks */,
			);
			sourceTree = "<group>";
		};
		DA5007F01E28BBA80038A5E8 /* Products */ = {
			isa = PBXGroup;
			children = (
				DA5007EF1E28BBA80038A5E8 /* popsmoke.app */,
				DA5008051E28BBA80038A5E8 /* popsmokeTests.xctest */,
			);
			name = Products;
			sourceTree = "<group>";
		};
		DA5007F11E28BBA80038A5E8 /* popsmoke */ = {
			isa = PBXGroup;
			children = (
				DA01F0121E392D3600B7FB04 /* UICategories */,
				DA00512E1E37AE7A008E7035 /* Cells */,
				DA0287A71E40F3E7008B481B /* Clients */,
				DA1402231E44F608005EEE31 /* Constants */,
				DA0287C81E439E55008B481B /* Core Animator */,
				DAF836891E3AA68E003178C4 /* Forms */,
				DAF8368F1E3AA73A003178C4 /* Managers */,
				DA01F0151E39612F00B7FB04 /* Models */,
				DAF836A11E3E3CA6003178C4 /* Protocols */,
				DA0B26851E362A20000CC2DC /* ViewControllers */,
				DA5007F21E28BBA80038A5E8 /* AppDelegate.swift */,
				DA0287DD1E439FD3008B481B /* popsmoke-Bridging-Header.h */,
				DA5007FB1E28BBA80038A5E8 /* Assets.xcassets */,
				DA00513D1E37C8CB008E7035 /* Icons.xcassets */,
				DA01F0231E39ACA700B7FB04 /* Resources */,
				DA5007FD1E28BBA80038A5E8 /* LaunchScreen.storyboard */,
				DA5008001E28BBA80038A5E8 /* Info.plist */,
			);
			path = popsmoke;
			sourceTree = "<group>";
		};
		DA5008081E28BBA80038A5E8 /* popsmokeTests */ = {
			isa = PBXGroup;
			children = (
				DA5008091E28BBA80038A5E8 /* popsmokeTests.swift */,
				DA50080B1E28BBA80038A5E8 /* Info.plist */,
			);
			path = popsmokeTests;
			sourceTree = "<group>";
		};
		DAD367321E4429B1009980DC /* Fonts */ = {
			isa = PBXGroup;
			children = (
				DAF52BFD1E45686B00A3893C /* black-ops-one.regular.ttf */,
				DAD367331E4429B1009980DC /* Montserrat-Black.otf */,
				DAD367341E4429B1009980DC /* Montserrat-Bold.otf */,
				DAD367351E4429B1009980DC /* Montserrat-ExtraBold.otf */,
				DAD367361E4429B1009980DC /* Montserrat-ExtraLight.otf */,
				DAD367371E4429B1009980DC /* Montserrat-Hairline.otf */,
				DAD367381E4429B1009980DC /* Montserrat-Light.otf */,
				DAD367391E4429B1009980DC /* Montserrat-Regular.otf */,
				DAD3673A1E4429B1009980DC /* Montserrat-SemiBold.otf */,
				DAD3673B1E4429B1009980DC /* Montserrat-Thin.otf */,
				DAD3673C1E4429B1009980DC /* Montserrat-UltraLight.otf */,
				DAD3673D1E4429B1009980DC /* MontserratAlternates-Black.otf */,
				DAD3673E1E4429B1009980DC /* MontserratAlternates-Bold.otf */,
				DAD3673F1E4429B1009980DC /* MontserratAlternates-ExtraBold.otf */,
				DAD367401E4429B1009980DC /* MontserratAlternates-ExtraLight.otf */,
				DAD367411E4429B1009980DC /* MontserratAlternates-Light.otf */,
				DAD367421E4429B1009980DC /* MontserratAlternates-Medium.otf */,
				DAD367431E4429B1009980DC /* MontserratAlternates-Regular.otf */,
				DAD367441E4429B1009980DC /* MontserratAlternates-SemiBold.otf */,
				DAD367451E4429B1009980DC /* MontserratAlternates-Thin.otf */,
				DAD367461E4429B1009980DC /* SIL Open Font License.txt */,
			);
			path = Fonts;
			sourceTree = "<group>";
		};
		DAF8367B1E3AA677003178C4 /* Factories */ = {
			isa = PBXGroup;
			children = (
				DAF8367C1E3AA677003178C4 /* Forms */,
				DAF8367E1E3AA677003178C4 /* PSDocumentViewFactory.swift */,
				DAF8367F1E3AA677003178C4 /* PSFormContainerViewFactory.swift */,
				DAF836801E3AA677003178C4 /* PSFormViewControllerFactory.swift */,
				DAF836971E3B96D8003178C4 /* PSMailComposerFactory.swift */,
				DAF836811E3AA677003178C4 /* PSPacketViewFactory.swift */,
				DAF836821E3AA677003178C4 /* PSPDFContainerViewFactory.swift */,
				DAF836A41E3E3E5D003178C4 /* PSPacketFactory.swift */,
				DA0287AC1E40F7EC008B481B /* PSUserFactory.swift */,
			);
			path = Factories;
			sourceTree = "<group>";
		};
		DAF8367C1E3AA677003178C4 /* Forms */ = {
			isa = PBXGroup;
			children = (
				DAF8367D1E3AA677003178C4 /* DA31FormFactory.swift */,
				DAF836931E3AAFC2003178C4 /* TRIPSFormFactory.swift */,
				DA0287C61E427AF9008B481B /* PSPersonalInfoFormFactory.swift */,
			);
			path = Forms;
			sourceTree = "<group>";
		};
		DAF836891E3AA68E003178C4 /* Forms */ = {
			isa = PBXGroup;
			children = (
				DAF8368A1E3AA68E003178C4 /* DA31 */,
				DAF836921E3AAFA9003178C4 /* TRIPS */,
			);
			path = Forms;
			sourceTree = "<group>";
		};
		DAF8368A1E3AA68E003178C4 /* DA31 */ = {
			isa = PBXGroup;
			children = (
				DAF8368B1E3AA68E003178C4 /* DA31FormViewController.swift */,
				DAF8368C1E3AA68E003178C4 /* DA31PDFFiller.swift */,
				DA0287BF1E426B1A008B481B /* DA31Constants.swift */,
			);
			path = DA31;
			sourceTree = "<group>";
		};
		DAF8368F1E3AA73A003178C4 /* Managers */ = {
			isa = PBXGroup;
			children = (
				DA0287AA1E40F3F1008B481B /* PSUserManager.swift */,
				DAF836901E3AA747003178C4 /* PSPersistenceManager.swift */,
				DAF836991E3D6B46003178C4 /* PSPacketManager.swift */,
			);
			path = Managers;
			sourceTree = "<group>";
		};
		DAF836921E3AAFA9003178C4 /* TRIPS */ = {
			isa = PBXGroup;
			children = (
				DAF836951E3AB1B3003178C4 /* TRIPSFormViewController.swift */,
			);
			path = TRIPS;
			sourceTree = "<group>";
		};
		DAF836A11E3E3CA6003178C4 /* Protocols */ = {
			isa = PBXGroup;
			children = (
				DA0287AE1E40FC59008B481B /* PSUserProvider.swift */,
				DAF836A21E3E3CBE003178C4 /* PSPacketBuilder.swift */,
			);
			path = Protocols;
			sourceTree = "<group>";
		};
		FCC2DAAEF0D2A4DAB4837FF9 /* Pods */ = {
			isa = PBXGroup;
			children = (
				BF7A1374A4C3B2C13DB1B11A /* Pods-popsmoke.debug.xcconfig */,
				806BE71F1492C1D0CBD2D68B /* Pods-popsmoke.release.xcconfig */,
			);
			name = Pods;
			sourceTree = "<group>";
		};
/* End PBXGroup section */

/* Begin PBXNativeTarget section */
		DA5007EE1E28BBA80038A5E8 /* popsmoke */ = {
			isa = PBXNativeTarget;
			buildConfigurationList = DA50080E1E28BBA80038A5E8 /* Build configuration list for PBXNativeTarget "popsmoke" */;
			buildPhases = (
				0EDFD5DE0E94338DF7A24362 /* [CP] Check Pods Manifest.lock */,
				DA5007EB1E28BBA80038A5E8 /* Sources */,
				DA5007EC1E28BBA80038A5E8 /* Frameworks */,
				DA5007ED1E28BBA80038A5E8 /* Resources */,
				47EDEDEF7CB5C9823A88A58F /* [CP] Embed Pods Frameworks */,
				25E2718FC399EB3F4822CC78 /* [CP] Copy Pods Resources */,
				DA01F0341E3A43E700B7FB04 /* ShellScript */,
			);
			buildRules = (
			);
			dependencies = (
			);
			name = popsmoke;
			productName = popsmoke;
			productReference = DA5007EF1E28BBA80038A5E8 /* popsmoke.app */;
			productType = "com.apple.product-type.application";
		};
		DA5008041E28BBA80038A5E8 /* popsmokeTests */ = {
			isa = PBXNativeTarget;
			buildConfigurationList = DA5008111E28BBA80038A5E8 /* Build configuration list for PBXNativeTarget "popsmokeTests" */;
			buildPhases = (
				DA5008011E28BBA80038A5E8 /* Sources */,
				DA5008021E28BBA80038A5E8 /* Frameworks */,
				DA5008031E28BBA80038A5E8 /* Resources */,
			);
			buildRules = (
			);
			dependencies = (
				DA5008071E28BBA80038A5E8 /* PBXTargetDependency */,
			);
			name = popsmokeTests;
			productName = popsmokeTests;
			productReference = DA5008051E28BBA80038A5E8 /* popsmokeTests.xctest */;
			productType = "com.apple.product-type.bundle.unit-test";
		};
/* End PBXNativeTarget section */

/* Begin PBXProject section */
		DA5007E71E28BBA80038A5E8 /* Project object */ = {
			isa = PBXProject;
			attributes = {
				LastSwiftUpdateCheck = 0810;
				LastUpgradeCheck = 0820;
				ORGANIZATIONNAME = "Charles Cliff";
				TargetAttributes = {
					DA5007EE1E28BBA80038A5E8 = {
						CreatedOnToolsVersion = 8.1;
						DevelopmentTeam = 23CZC4883B;
						LastSwiftMigration = 0820;
						ProvisioningStyle = Automatic;
					};
					DA5008041E28BBA80038A5E8 = {
						CreatedOnToolsVersion = 8.1;
						DevelopmentTeam = 23CZC4883B;
						LastSwiftMigration = 0810;
						ProvisioningStyle = Automatic;
						TestTargetID = DA5007EE1E28BBA80038A5E8;
					};
				};
			};
			buildConfigurationList = DA5007EA1E28BBA80038A5E8 /* Build configuration list for PBXProject "popsmoke" */;
			compatibilityVersion = "Xcode 3.2";
			developmentRegion = English;
			hasScannedForEncodings = 0;
			knownRegions = (
				en,
				Base,
			);
			mainGroup = DA5007E61E28BBA80038A5E8;
			productRefGroup = DA5007F01E28BBA80038A5E8 /* Products */;
			projectDirPath = "";
			projectRoot = "";
			targets = (
				DA5007EE1E28BBA80038A5E8 /* popsmoke */,
				DA5008041E28BBA80038A5E8 /* popsmokeTests */,
			);
		};
/* End PBXProject section */

/* Begin PBXResourcesBuildPhase section */
		DA5007ED1E28BBA80038A5E8 /* Resources */ = {
			isa = PBXResourcesBuildPhase;
			buildActionMask = 2147483647;
			files = (
				DA0287EE1E439FD4008B481B /* SkullandBones@2x.png in Resources */,
				DAD3674E1E4429B1009980DC /* Montserrat-SemiBold.otf in Resources */,
				DAD367571E4429B1009980DC /* MontserratAlternates-Regular.otf in Resources */,
				DA0287E91E439FD4008B481B /* bottomBar.png in Resources */,
				DA53E22F1E46F76300F95D6B /* PSLoading.storyboard in Resources */,
				DAD3674F1E4429B1009980DC /* Montserrat-Thin.otf in Resources */,
				DAF52BFE1E45686B00A3893C /* black-ops-one.regular.ttf in Resources */,
				DAD367521E4429B1009980DC /* MontserratAlternates-Bold.otf in Resources */,
				DAD367501E4429B1009980DC /* Montserrat-UltraLight.otf in Resources */,
				DA0287EC1E439FD4008B481B /* middleBar@2x.png in Resources */,
				DAD367591E4429B1009980DC /* MontserratAlternates-Thin.otf in Resources */,
				DAD367551E4429B1009980DC /* MontserratAlternates-Light.otf in Resources */,
				DAD3675A1E4429B1009980DC /* SIL Open Font License.txt in Resources */,
				DAD367491E4429B1009980DC /* Montserrat-ExtraBold.otf in Resources */,
				DAD367561E4429B1009980DC /* MontserratAlternates-Medium.otf in Resources */,
				DAE4E7671E4ABE9D00A8CC5D /* PSMilWebViewController.storyboard in Resources */,
				DAD367581E4429B1009980DC /* MontserratAlternates-SemiBold.otf in Resources */,
				DA0287ED1E439FD4008B481B /* SkullandBones.png in Resources */,
				DAD367511E4429B1009980DC /* MontserratAlternates-Black.otf in Resources */,
				DA5007FF1E28BBA80038A5E8 /* LaunchScreen.storyboard in Resources */,
				DA5007FC1E28BBA80038A5E8 /* Assets.xcassets in Resources */,
				DAD3674D1E4429B1009980DC /* Montserrat-Regular.otf in Resources */,
				DA01F01F1E39AAB100B7FB04 /* PSPDFContainerViewController.storyboard in Resources */,
				DA0287EA1E439FD4008B481B /* bottomBar@2x.png in Resources */,
				DAB08D9A1E38F68100F2E263 /* PSFormContainer.storyboard in Resources */,
				DA0287F01E439FD4008B481B /* topBar@2x.png in Resources */,
				DA0287EF1E439FD4008B481B /* topBar.png in Resources */,
				DA0287A41E40E907008B481B /* PSLogin.storyboard in Resources */,
				DAD367471E4429B1009980DC /* Montserrat-Black.otf in Resources */,
				DAF836AB1E3E469F003178C4 /* PSPacketTableViewCell.xib in Resources */,
				DAD367531E4429B1009980DC /* MontserratAlternates-ExtraBold.otf in Resources */,
				DAD3674A1E4429B1009980DC /* Montserrat-ExtraLight.otf in Resources */,
				DAD3674C1E4429B1009980DC /* Montserrat-Light.otf in Resources */,
				DA01F0281E39ACA700B7FB04 /* DA31_Packet.plist in Resources */,
				DAD3674B1E4429B1009980DC /* Montserrat-Hairline.otf in Resources */,
				DAD367541E4429B1009980DC /* MontserratAlternates-ExtraLight.otf in Resources */,
				DA00513E1E37C8CB008E7035 /* Icons.xcassets in Resources */,
				DA0287EB1E439FD4008B481B /* middleBar.png in Resources */,
				DA0B26891E362A6D000CC2DC /* PSMainStoryboard.storyboard in Resources */,
				DA0051361E37B36F008E7035 /* PSDocumentCollectionViewCell.xib in Resources */,
				DA01F0291E39ACA700B7FB04 /* DA_31.pdf in Resources */,
				DAD367481E4429B1009980DC /* Montserrat-Bold.otf in Resources */,
			);
			runOnlyForDeploymentPostprocessing = 0;
		};
		DA5008031E28BBA80038A5E8 /* Resources */ = {
			isa = PBXResourcesBuildPhase;
			buildActionMask = 2147483647;
			files = (
			);
			runOnlyForDeploymentPostprocessing = 0;
		};
/* End PBXResourcesBuildPhase section */

/* Begin PBXShellScriptBuildPhase section */
		0EDFD5DE0E94338DF7A24362 /* [CP] Check Pods Manifest.lock */ = {
			isa = PBXShellScriptBuildPhase;
			buildActionMask = 2147483647;
			files = (
			);
			inputPaths = (
			);
			name = "[CP] Check Pods Manifest.lock";
			outputPaths = (
			);
			runOnlyForDeploymentPostprocessing = 0;
			shellPath = /bin/sh;
			shellScript = "diff \"${PODS_ROOT}/../Podfile.lock\" \"${PODS_ROOT}/Manifest.lock\" > /dev/null\nif [ $? != 0 ] ; then\n    # print error to STDERR\n    echo \"error: The sandbox is not in sync with the Podfile.lock. Run 'pod install' or update your CocoaPods installation.\" >&2\n    exit 1\nfi\n";
			showEnvVarsInLog = 0;
		};
		25E2718FC399EB3F4822CC78 /* [CP] Copy Pods Resources */ = {
			isa = PBXShellScriptBuildPhase;
			buildActionMask = 2147483647;
			files = (
			);
			inputPaths = (
			);
			name = "[CP] Copy Pods Resources";
			outputPaths = (
			);
			runOnlyForDeploymentPostprocessing = 0;
			shellPath = /bin/sh;
			shellScript = "\"${SRCROOT}/Pods/Target Support Files/Pods-popsmoke/Pods-popsmoke-resources.sh\"\n";
			showEnvVarsInLog = 0;
		};
		47EDEDEF7CB5C9823A88A58F /* [CP] Embed Pods Frameworks */ = {
			isa = PBXShellScriptBuildPhase;
			buildActionMask = 2147483647;
			files = (
			);
			inputPaths = (
			);
			name = "[CP] Embed Pods Frameworks";
			outputPaths = (
			);
			runOnlyForDeploymentPostprocessing = 0;
			shellPath = /bin/sh;
			shellScript = "\"${SRCROOT}/Pods/Target Support Files/Pods-popsmoke/Pods-popsmoke-frameworks.sh\"\n";
			showEnvVarsInLog = 0;
		};
		DA01F0341E3A43E700B7FB04 /* ShellScript */ = {
			isa = PBXShellScriptBuildPhase;
			buildActionMask = 2147483647;
			files = (
			);
			inputPaths = (
			);
			outputPaths = (
			);
			runOnlyForDeploymentPostprocessing = 0;
			shellPath = /bin/sh;
			shellScript = "TAGS=\"TODO:|FIXME:\"\necho \"searching ${SRCROOT} for ${TAGS}\"\nfind \"${SRCROOT}\" \\( -name \"*.swift\" \\) -print0 | xargs -0 egrep --with-filename --line-number --only-matching \"($TAGS).*\\$\" | perl -p -e \"s/($TAGS)/ warning: \\$1/\"";
		};
/* End PBXShellScriptBuildPhase section */

/* Begin PBXSourcesBuildPhase section */
		DA5007EB1E28BBA80038A5E8 /* Sources */ = {
			isa = PBXSourcesBuildPhase;
			buildActionMask = 2147483647;
			files = (
				DA0287C01E426B1A008B481B /* DA31Constants.swift in Sources */,
				DAF8369A1E3D6B46003178C4 /* PSPacketManager.swift in Sources */,
				DA3585F21E3A7ABF0014AE10 /* UIImageView+Tint.swift in Sources */,
				DA0287C71E427AF9008B481B /* PSPersonalInfoFormFactory.swift in Sources */,
				DA1402281E44F608005EEE31 /* PSAddressUtilities.swift in Sources */,
				DAF836881E3AA677003178C4 /* PSPDFContainerViewFactory.swift in Sources */,
				DAF836911E3AA747003178C4 /* PSPersistenceManager.swift in Sources */,
				DA01F0171E39617C00B7FB04 /* PSPacket.swift in Sources */,
				DA0B26871E362A62000CC2DC /* PSMainViewController.swift in Sources */,
				DA0051321E37AEC3008E7035 /* PSDocumentCollectionViewCell.swift in Sources */,
				DA0287A21E40E8A2008B481B /* PSLoginViewController.swift in Sources */,
				DA0287AF1E40FC59008B481B /* PSUserProvider.swift in Sources */,
				DAF836941E3AAFC2003178C4 /* TRIPSFormFactory.swift in Sources */,
				DAF8368D1E3AA68E003178C4 /* DA31FormViewController.swift in Sources */,
				DA14022A1E44F608005EEE31 /* PSPacketUtilities.swift in Sources */,
				DA0287AD1E40F7EC008B481B /* PSUserFactory.swift in Sources */,
				DA0287AB1E40F3F1008B481B /* PSUserManager.swift in Sources */,
				DA01F0141E392D4C00B7FB04 /* UILabel+Size.swift in Sources */,
				DAB08D9D1E38F91F00F2E263 /* PSImagePickerController.swift in Sources */,
				DA01F0191E3961D100B7FB04 /* PSDocument.swift in Sources */,
				DAF836A31E3E3CBE003178C4 /* PSPacketBuilder.swift in Sources */,
				DA0287BC1E4265FE008B481B /* PSAddress.swift in Sources */,
				DAE4E7661E4ABE9D00A8CC5D /* PSMilWebViewController.swift in Sources */,
				DAF836961E3AB1B3003178C4 /* TRIPSFormViewController.swift in Sources */,
				DAF836831E3AA677003178C4 /* DA31FormFactory.swift in Sources */,
				DAF836A01E3D976F003178C4 /* NSURLRequest+Category.swift in Sources */,
				DAD367311E43ACD5009980DC /* PSSettingsViewController.swift in Sources */,
				DAB08D9B1E38F68100F2E263 /* PSFormContainerViewController.swift in Sources */,
				DAF836981E3B96D8003178C4 /* PSMailComposerFactory.swift in Sources */,
				DA0287F11E439FD4008B481B /* SkullAndBonesMenuView.m in Sources */,
				DAF836A91E3E4692003178C4 /* PSPacketTableViewCell.swift in Sources */,
				DAF836841E3AA677003178C4 /* PSDocumentViewFactory.swift in Sources */,
				DA0287B11E40FDBA008B481B /* PSParseClient.swift in Sources */,
				DAF836A51E3E3E5D003178C4 /* PSPacketFactory.swift in Sources */,
				DA0287A61E40EDE9008B481B /* PSUser.swift in Sources */,
				DAF836A71E3E4330003178C4 /* PSPacketHistoryTableViewController.swift in Sources */,
				DA01F01D1E39AA9100B7FB04 /* PSPDFContainerViewController.swift in Sources */,
				DAF8368E1E3AA68E003178C4 /* DA31PDFFiller.swift in Sources */,
				DAF836871E3AA677003178C4 /* PSPacketViewFactory.swift in Sources */,
				DA14022B1E44F608005EEE31 /* PSPersonalInfoUtilities.swift in Sources */,
				DA1402291E44F608005EEE31 /* PSConstants.swift in Sources */,
				DA0287A91E40F3E7008B481B /* REKIFacebookClient.swift in Sources */,
				DA53E22C1E46F61D00F95D6B /* PSLoadingViewController.swift in Sources */,
				DAF836861E3AA677003178C4 /* PSFormViewControllerFactory.swift in Sources */,
				DA5007F31E28BBA80038A5E8 /* AppDelegate.swift in Sources */,
				DAF836851E3AA677003178C4 /* PSFormContainerViewFactory.swift in Sources */,
				DA00512D1E37ABDA008E7035 /* PSPacketViewController.swift in Sources */,
			);
			runOnlyForDeploymentPostprocessing = 0;
		};
		DA5008011E28BBA80038A5E8 /* Sources */ = {
			isa = PBXSourcesBuildPhase;
			buildActionMask = 2147483647;
			files = (
				DA50080A1E28BBA80038A5E8 /* popsmokeTests.swift in Sources */,
			);
			runOnlyForDeploymentPostprocessing = 0;
		};
/* End PBXSourcesBuildPhase section */

/* Begin PBXTargetDependency section */
		DA5008071E28BBA80038A5E8 /* PBXTargetDependency */ = {
			isa = PBXTargetDependency;
			target = DA5007EE1E28BBA80038A5E8 /* popsmoke */;
			targetProxy = DA5008061E28BBA80038A5E8 /* PBXContainerItemProxy */;
		};
/* End PBXTargetDependency section */

/* Begin PBXVariantGroup section */
		DA5007FD1E28BBA80038A5E8 /* LaunchScreen.storyboard */ = {
			isa = PBXVariantGroup;
			children = (
				DA5007FE1E28BBA80038A5E8 /* Base */,
			);
			name = LaunchScreen.storyboard;
			sourceTree = "<group>";
		};
/* End PBXVariantGroup section */

/* Begin XCBuildConfiguration section */
		DA50080C1E28BBA80038A5E8 /* Debug */ = {
			isa = XCBuildConfiguration;
			buildSettings = {
				ALWAYS_SEARCH_USER_PATHS = NO;
				CLANG_ANALYZER_NONNULL = YES;
				CLANG_CXX_LANGUAGE_STANDARD = "gnu++0x";
				CLANG_CXX_LIBRARY = "libc++";
				CLANG_ENABLE_MODULES = YES;
				CLANG_ENABLE_OBJC_ARC = YES;
				CLANG_WARN_BOOL_CONVERSION = YES;
				CLANG_WARN_CONSTANT_CONVERSION = YES;
				CLANG_WARN_DIRECT_OBJC_ISA_USAGE = YES_ERROR;
				CLANG_WARN_DOCUMENTATION_COMMENTS = YES;
				CLANG_WARN_EMPTY_BODY = YES;
				CLANG_WARN_ENUM_CONVERSION = YES;
				CLANG_WARN_INFINITE_RECURSION = YES;
				CLANG_WARN_INT_CONVERSION = YES;
				CLANG_WARN_OBJC_ROOT_CLASS = YES_ERROR;
				CLANG_WARN_SUSPICIOUS_MOVE = YES;
				CLANG_WARN_SUSPICIOUS_MOVES = YES;
				CLANG_WARN_UNREACHABLE_CODE = YES;
				CLANG_WARN__DUPLICATE_METHOD_MATCH = YES;
				"CODE_SIGN_IDENTITY[sdk=iphoneos*]" = "iPhone Developer";
				COPY_PHASE_STRIP = NO;
				DEBUG_INFORMATION_FORMAT = dwarf;
				ENABLE_STRICT_OBJC_MSGSEND = YES;
				ENABLE_TESTABILITY = YES;
				GCC_C_LANGUAGE_STANDARD = gnu99;
				GCC_DYNAMIC_NO_PIC = NO;
				GCC_NO_COMMON_BLOCKS = YES;
				GCC_OPTIMIZATION_LEVEL = 0;
				GCC_PREPROCESSOR_DEFINITIONS = (
					"DEBUG=1",
					"$(inherited)",
				);
				GCC_WARN_64_TO_32_BIT_CONVERSION = YES;
				GCC_WARN_ABOUT_RETURN_TYPE = YES_ERROR;
				GCC_WARN_UNDECLARED_SELECTOR = YES;
				GCC_WARN_UNINITIALIZED_AUTOS = YES_AGGRESSIVE;
				GCC_WARN_UNUSED_FUNCTION = YES;
				GCC_WARN_UNUSED_VARIABLE = YES;
				IPHONEOS_DEPLOYMENT_TARGET = 10.1;
				MTL_ENABLE_DEBUG_INFO = YES;
				ONLY_ACTIVE_ARCH = YES;
				SDKROOT = iphoneos;
				SWIFT_ACTIVE_COMPILATION_CONDITIONS = DEBUG;
				SWIFT_OPTIMIZATION_LEVEL = "-Onone";
				TARGETED_DEVICE_FAMILY = "1,2";
			};
			name = Debug;
		};
		DA50080D1E28BBA80038A5E8 /* Release */ = {
			isa = XCBuildConfiguration;
			buildSettings = {
				ALWAYS_SEARCH_USER_PATHS = NO;
				CLANG_ANALYZER_NONNULL = YES;
				CLANG_CXX_LANGUAGE_STANDARD = "gnu++0x";
				CLANG_CXX_LIBRARY = "libc++";
				CLANG_ENABLE_MODULES = YES;
				CLANG_ENABLE_OBJC_ARC = YES;
				CLANG_WARN_BOOL_CONVERSION = YES;
				CLANG_WARN_CONSTANT_CONVERSION = YES;
				CLANG_WARN_DIRECT_OBJC_ISA_USAGE = YES_ERROR;
				CLANG_WARN_DOCUMENTATION_COMMENTS = YES;
				CLANG_WARN_EMPTY_BODY = YES;
				CLANG_WARN_ENUM_CONVERSION = YES;
				CLANG_WARN_INFINITE_RECURSION = YES;
				CLANG_WARN_INT_CONVERSION = YES;
				CLANG_WARN_OBJC_ROOT_CLASS = YES_ERROR;
				CLANG_WARN_SUSPICIOUS_MOVE = YES;
				CLANG_WARN_SUSPICIOUS_MOVES = YES;
				CLANG_WARN_UNREACHABLE_CODE = YES;
				CLANG_WARN__DUPLICATE_METHOD_MATCH = YES;
				"CODE_SIGN_IDENTITY[sdk=iphoneos*]" = "iPhone Developer";
				COPY_PHASE_STRIP = NO;
				DEBUG_INFORMATION_FORMAT = "dwarf-with-dsym";
				ENABLE_NS_ASSERTIONS = NO;
				ENABLE_STRICT_OBJC_MSGSEND = YES;
				GCC_C_LANGUAGE_STANDARD = gnu99;
				GCC_NO_COMMON_BLOCKS = YES;
				GCC_WARN_64_TO_32_BIT_CONVERSION = YES;
				GCC_WARN_ABOUT_RETURN_TYPE = YES_ERROR;
				GCC_WARN_UNDECLARED_SELECTOR = YES;
				GCC_WARN_UNINITIALIZED_AUTOS = YES_AGGRESSIVE;
				GCC_WARN_UNUSED_FUNCTION = YES;
				GCC_WARN_UNUSED_VARIABLE = YES;
				IPHONEOS_DEPLOYMENT_TARGET = 10.1;
				MTL_ENABLE_DEBUG_INFO = NO;
				SDKROOT = iphoneos;
				SWIFT_OPTIMIZATION_LEVEL = "-Owholemodule";
				TARGETED_DEVICE_FAMILY = "1,2";
				VALIDATE_PRODUCT = YES;
			};
			name = Release;
		};
		DA50080F1E28BBA80038A5E8 /* Debug */ = {
			isa = XCBuildConfiguration;
			baseConfigurationReference = BF7A1374A4C3B2C13DB1B11A /* Pods-popsmoke.debug.xcconfig */;
			buildSettings = {
				ALWAYS_EMBED_SWIFT_STANDARD_LIBRARIES = YES;
				ASSETCATALOG_COMPILER_APPICON_NAME = AppIcon;
				CLANG_ENABLE_MODULES = YES;
				DEVELOPMENT_TEAM = 23CZC4883B;
				FRAMEWORK_SEARCH_PATHS = (
					"$(inherited)",
					"$(PROJECT_DIR)",
					"$(PROJECT_DIR)/Facebook",
				);
				INFOPLIST_FILE = popsmoke/Info.plist;
				IPHONEOS_DEPLOYMENT_TARGET = 9.0;
				LD_RUNPATH_SEARCH_PATHS = "$(inherited) @executable_path/Frameworks";
				PRODUCT_BUNDLE_IDENTIFIER = com.nomad.popsmoke;
				PRODUCT_NAME = "$(TARGET_NAME)";
				SWIFT_OBJC_BRIDGING_HEADER = "popsmoke/Core Animator/SkullAndBonesMenu/popsmoke-Bridging-Header.h";
				SWIFT_OPTIMIZATION_LEVEL = "-Onone";
				SWIFT_VERSION = 3.0;
				TARGETED_DEVICE_FAMILY = 1;
			};
			name = Debug;
		};
		DA5008101E28BBA80038A5E8 /* Release */ = {
			isa = XCBuildConfiguration;
			baseConfigurationReference = 806BE71F1492C1D0CBD2D68B /* Pods-popsmoke.release.xcconfig */;
			buildSettings = {
				ALWAYS_EMBED_SWIFT_STANDARD_LIBRARIES = YES;
				ASSETCATALOG_COMPILER_APPICON_NAME = AppIcon;
				CLANG_ENABLE_MODULES = YES;
				DEVELOPMENT_TEAM = 23CZC4883B;
				FRAMEWORK_SEARCH_PATHS = (
					"$(inherited)",
					"$(PROJECT_DIR)",
					"$(PROJECT_DIR)/Facebook",
				);
				INFOPLIST_FILE = popsmoke/Info.plist;
				IPHONEOS_DEPLOYMENT_TARGET = 9.0;
				LD_RUNPATH_SEARCH_PATHS = "$(inherited) @executable_path/Frameworks";
				PRODUCT_BUNDLE_IDENTIFIER = com.nomad.popsmoke;
				PRODUCT_NAME = "$(TARGET_NAME)";
				SWIFT_OBJC_BRIDGING_HEADER = "popsmoke/Core Animator/SkullAndBonesMenu/popsmoke-Bridging-Header.h";
				SWIFT_VERSION = 3.0;
				TARGETED_DEVICE_FAMILY = 1;
			};
			name = Release;
		};
		DA5008121E28BBA80038A5E8 /* Debug */ = {
			isa = XCBuildConfiguration;
			buildSettings = {
				ALWAYS_EMBED_SWIFT_STANDARD_LIBRARIES = YES;
				BUNDLE_LOADER = "$(TEST_HOST)";
				DEVELOPMENT_TEAM = 23CZC4883B;
				INFOPLIST_FILE = popsmokeTests/Info.plist;
				LD_RUNPATH_SEARCH_PATHS = "$(inherited) @executable_path/Frameworks @loader_path/Frameworks";
				PRODUCT_BUNDLE_IDENTIFIER = com.nomad.popsmokeTests;
				PRODUCT_NAME = "$(TARGET_NAME)";
				SWIFT_VERSION = 3.0;
				TEST_HOST = "$(BUILT_PRODUCTS_DIR)/popsmoke.app/popsmoke";
			};
			name = Debug;
		};
		DA5008131E28BBA80038A5E8 /* Release */ = {
			isa = XCBuildConfiguration;
			buildSettings = {
				ALWAYS_EMBED_SWIFT_STANDARD_LIBRARIES = YES;
				BUNDLE_LOADER = "$(TEST_HOST)";
				DEVELOPMENT_TEAM = 23CZC4883B;
				INFOPLIST_FILE = popsmokeTests/Info.plist;
				LD_RUNPATH_SEARCH_PATHS = "$(inherited) @executable_path/Frameworks @loader_path/Frameworks";
				PRODUCT_BUNDLE_IDENTIFIER = com.nomad.popsmokeTests;
				PRODUCT_NAME = "$(TARGET_NAME)";
				SWIFT_VERSION = 3.0;
				TEST_HOST = "$(BUILT_PRODUCTS_DIR)/popsmoke.app/popsmoke";
			};
			name = Release;
		};
/* End XCBuildConfiguration section */

/* Begin XCConfigurationList section */
		DA5007EA1E28BBA80038A5E8 /* Build configuration list for PBXProject "popsmoke" */ = {
			isa = XCConfigurationList;
			buildConfigurations = (
				DA50080C1E28BBA80038A5E8 /* Debug */,
				DA50080D1E28BBA80038A5E8 /* Release */,
			);
			defaultConfigurationIsVisible = 0;
			defaultConfigurationName = Release;
		};
		DA50080E1E28BBA80038A5E8 /* Build configuration list for PBXNativeTarget "popsmoke" */ = {
			isa = XCConfigurationList;
			buildConfigurations = (
				DA50080F1E28BBA80038A5E8 /* Debug */,
				DA5008101E28BBA80038A5E8 /* Release */,
			);
			defaultConfigurationIsVisible = 0;
			defaultConfigurationName = Release;
		};
		DA5008111E28BBA80038A5E8 /* Build configuration list for PBXNativeTarget "popsmokeTests" */ = {
			isa = XCConfigurationList;
			buildConfigurations = (
				DA5008121E28BBA80038A5E8 /* Debug */,
				DA5008131E28BBA80038A5E8 /* Release */,
			);
			defaultConfigurationIsVisible = 0;
			defaultConfigurationName = Release;
		};
/* End XCConfigurationList section */
	};
	rootObject = DA5007E71E28BBA80038A5E8 /* Project object */;
}
